
Microsoft Visual Studio Solution File, Format Version 12.00
# Visual Studio Version 16
VisualStudioVersion = 16.0.31727.386
MinimumVisualStudioVersion = 10.0.40219.1
Project("{FAE04EC0-301F-11D3-BF4B-00C04F79EFBC}") = "LoadDLL", "LoadDLL\LoadDLL.csproj", "{BC43A561-2F9D-45EA-BE92-7A9DA94589F9}"
EndProject
Project("{FAE04EC0-301F-11D3-BF4B-00C04F79EFBC}") = "MyLib", "MyLib\MyLib.csproj", "{B70502D8-FE4E-44C8-889F-2D2D34B895D6}"
EndProject
Project("{FAE04EC0-301F-11D3-BF4B-00C04F79EFBC}") = "MyInterfaces", "MyInterfaces\MyInterfaces.csproj", "{7C876E1C-6F22-44CB-84A7-ADB947AF47F9}"
EndProject
Global
	GlobalSection(SolutionConfigurationPlatforms) = preSolution
		Debug|Any CPU = Debug|Any CPU
		Release|Any CPU = Release|Any CPU
	EndGlobalSection
	GlobalSection(ProjectConfigurationPlatforms) = postSolution
		{BC43A561-2F9D-45EA-BE92-7A9DA94589F9}.Debug|Any CPU.ActiveCfg = Debug|Any CPU
		{BC43A561-2F9D-45EA-BE92-7A9DA94589F9}.Debug|Any CPU.Build.0 = Debug|Any CPU
		{BC43A561-2F9D-45EA-BE92-7A9DA94589F9}.Release|Any CPU.ActiveCfg = Release|Any CPU
		{BC43A561-2F9D-45EA-BE92-7A9DA94589F9}.Release|Any CPU.Build.0 = Release|Any CPU
		{B70502D8-FE4E-44C8-889F-2D2D34B895D6}.Debug|Any CPU.ActiveCfg = Debug|Any CPU
		{B70502D8-FE4E-44C8-889F-2D2D34B895D6}.Debug|Any CPU.Build.0 = Debug|Any CPU
		{B70502D8-FE4E-44C8-889F-2D2D34B895D6}.Release|Any CPU.ActiveCfg = Release|Any CPU
		{B70502D8-FE4E-44C8-889F-2D2D34B895D6}.Release|Any CPU.Build.0 = Release|Any CPU
		{7C876E1C-6F22-44CB-84A7-ADB947AF47F9}.Debug|Any CPU.ActiveCfg = Debug|Any CPU
		{7C876E1C-6F22-44CB-84A7-ADB947AF47F9}.Debug|Any CPU.Build.0 = Debug|Any CPU
		{7C876E1C-6F22-44CB-84A7-ADB947AF47F9}.Release|Any CPU.ActiveCfg = Release|Any CPU
		{7C876E1C-6F22-44CB-84A7-ADB947AF47F9}.Release|Any CPU.Build.0 = Release|Any CPU
	EndGlobalSection
	GlobalSection(SolutionProperties) = preSolution
		HideSolutionNode = FALSE
	EndGlobalSection
	GlobalSection(ExtensibilityGlobals) = postSolution
		SolutionGuid = {47AE644B-FB63-4B01-BE88-C3B41E017F9A}
	EndGlobalSection
EndGlobal
